
Microsoft Visual Studio Solution File, Format Version 12.00
# Visual Studio 15
VisualStudioVersion = 15.0.27703.1
MinimumVisualStudioVersion = 10.0.40219.1
Project("{FAE04EC0-301F-11D3-BF4B-00C04F79EFBC}") = "Lapko_LabWork_3", "Lapko_LabWork_3\Lapko_LabWork_3.csproj", "{D9A21513-2C01-4DDA-A4D8-BBBDECD5370A}"
EndProject
Project("{FAE04EC0-301F-11D3-BF4B-00C04F79EFBC}") = "Lapko_LabWork_3_1", "Lapko_LabWork_3_1\Lapko_LabWork_3_1.csproj", "{36AA3CE4-C855-453A-957E-AE943688DF70}"
EndProject
Global
	GlobalSection(SolutionConfigurationPlatforms) = preSolution
		Debug|Any CPU = Debug|Any CPU
		Release|Any CPU = Release|Any CPU
	EndGlobalSection
	GlobalSection(ProjectConfigurationPlatforms) = postSolution
		{D9A21513-2C01-4DDA-A4D8-BBBDECD5370A}.Debug|Any CPU.ActiveCfg = Debug|Any CPU
		{D9A21513-2C01-4DDA-A4D8-BBBDECD5370A}.Debug|Any CPU.Build.0 = Debug|Any CPU
		{D9A21513-2C01-4DDA-A4D8-BBBDECD5370A}.Release|Any CPU.ActiveCfg = Release|Any CPU
		{D9A21513-2C01-4DDA-A4D8-BBBDECD5370A}.Release|Any CPU.Build.0 = Release|Any CPU
		{36AA3CE4-C855-453A-957E-AE943688DF70}.Debug|Any CPU.ActiveCfg = Debug|Any CPU
		{36AA3CE4-C855-453A-957E-AE943688DF70}.Debug|Any CPU.Build.0 = Debug|Any CPU
		{36AA3CE4-C855-453A-957E-AE943688DF70}.Release|Any CPU.ActiveCfg = Release|Any CPU
		{36AA3CE4-C855-453A-957E-AE943688DF70}.Release|Any CPU.Build.0 = Release|Any CPU
	EndGlobalSection
	GlobalSection(SolutionProperties) = preSolution
		HideSolutionNode = FALSE
	EndGlobalSection
	GlobalSection(ExtensibilityGlobals) = postSolution
		SolutionGuid = {CE8C5D11-136E-4470-9148-B1D7E3B41E7D}
	EndGlobalSection
EndGlobal
